
Microsoft Visual Studio Solution File, Format Version 12.00
# Visual Studio 15
VisualStudioVersion = 15.0.28010.2016
MinimumVisualStudioVersion = 10.0.40219.1
Project("{8BC9CEB8-8B4A-11D0-8D11-00A0C91BC942}") = "Question3", "Question3\Question3.vcxproj", "{FE48687B-2B7B-4D15-857F-7E2444D815AE}"
EndProject
Project("{8BC9CEB8-8B4A-11D0-8D11-00A0C91BC942}") = "Question1", "Question1\Question1.vcxproj", "{6A47DD32-FE88-4800-A8FE-EC9B9DD75CF6}"
EndProject
Global
	GlobalSection(SolutionConfigurationPlatforms) = preSolution
		Debug|x64 = Debug|x64
		Debug|x86 = Debug|x86
		Release|x64 = Release|x64
		Release|x86 = Release|x86
	EndGlobalSection
	GlobalSection(ProjectConfigurationPlatforms) = postSolution
		{FE48687B-2B7B-4D15-857F-7E2444D815AE}.Debug|x64.ActiveCfg = Debug|x64
		{FE48687B-2B7B-4D15-857F-7E2444D815AE}.Debug|x64.Build.0 = Debug|x64
		{FE48687B-2B7B-4D15-857F-7E2444D815AE}.Debug|x86.ActiveCfg = Debug|Win32
		{FE48687B-2B7B-4D15-857F-7E2444D815AE}.Debug|x86.Build.0 = Debug|Win32
		{FE48687B-2B7B-4D15-857F-7E2444D815AE}.Release|x64.ActiveCfg = Release|x64
		{FE48687B-2B7B-4D15-857F-7E2444D815AE}.Release|x64.Build.0 = Release|x64
		{FE48687B-2B7B-4D15-857F-7E2444D815AE}.Release|x86.ActiveCfg = Release|Win32
		{FE48687B-2B7B-4D15-857F-7E2444D815AE}.Release|x86.Build.0 = Release|Win32
		{6A47DD32-FE88-4800-A8FE-EC9B9DD75CF6}.Debug|x64.ActiveCfg = Debug|x64
		{6A47DD32-FE88-4800-A8FE-EC9B9DD75CF6}.Debug|x64.Build.0 = Debug|x64
		{6A47DD32-FE88-4800-A8FE-EC9B9DD75CF6}.Debug|x86.ActiveCfg = Debug|Win32
		{6A47DD32-FE88-4800-A8FE-EC9B9DD75CF6}.Debug|x86.Build.0 = Debug|Win32
		{6A47DD32-FE88-4800-A8FE-EC9B9DD75CF6}.Release|x64.ActiveCfg = Release|x64
		{6A47DD32-FE88-4800-A8FE-EC9B9DD75CF6}.Release|x64.Build.0 = Release|x64
		{6A47DD32-FE88-4800-A8FE-EC9B9DD75CF6}.Release|x86.ActiveCfg = Release|Win32
		{6A47DD32-FE88-4800-A8FE-EC9B9DD75CF6}.Release|x86.Build.0 = Release|Win32
	EndGlobalSection
	GlobalSection(SolutionProperties) = preSolution
		HideSolutionNode = FALSE
	EndGlobalSection
	GlobalSection(ExtensibilityGlobals) = postSolution
		SolutionGuid = {161343BD-A0DF-4B74-A5B4-CF16CE8A6D69}
	EndGlobalSection
EndGlobal
